
Microsoft Visual Studio Solution File, Format Version 12.00
# Visual Studio Version 17
VisualStudioVersion = 17.8.34316.72
MinimumVisualStudioVersion = 10.0.40219.1
Project("{FAE04EC0-301F-11D3-BF4B-00C04F79EFBC}") = "Reports", "Reports\Reports.csproj", "{7A4C43E7-287D-4A51-9CDA-BBFE18BFA456}"
EndProject
Global
	GlobalSection(SolutionConfigurationPlatforms) = preSolution
		Debug|Any CPU = Debug|Any CPU
		Release|Any CPU = Release|Any CPU
	EndGlobalSection
	GlobalSection(ProjectConfigurationPlatforms) = postSolution
		{7A4C43E7-287D-4A51-9CDA-BBFE18BFA456}.Debug|Any CPU.ActiveCfg = Debug|Any CPU
		{7A4C43E7-287D-4A51-9CDA-BBFE18BFA456}.Debug|Any CPU.Build.0 = Debug|Any CPU
		{7A4C43E7-287D-4A51-9CDA-BBFE18BFA456}.Release|Any CPU.ActiveCfg = Release|Any CPU
		{7A4C43E7-287D-4A51-9CDA-BBFE18BFA456}.Release|Any CPU.Build.0 = Release|Any CPU
	EndGlobalSection
	GlobalSection(SolutionProperties) = preSolution
		HideSolutionNode = FALSE
	EndGlobalSection
	GlobalSection(ExtensibilityGlobals) = postSolution
		SolutionGuid = {E8453A09-3BEB-4F86-BC46-2C93F5DFC62A}
	EndGlobalSection
EndGlobal
